github.com/and3rson/telemux/v2 v2.0.1 h1:xQujkYCREFnsJNBVKV41dC7RkSyYgfPNue1ouwCMSSQ=
github.com/and3rson/telemux/v2 v2.0.1/go.mod h1:AmQuQi1QdRJ9m7fWNDD7nEG47ffFC1ZWu9b4A8y/SJc=
github.com/go-telegram-bot-api/telegram-bot-api/v5 v5.0.0-rc1.0.20210608165722-fb1de2fb48dd h1:X6QcFJs7IuNoz8K7xcn2Tb0F0mi1VCtZpHm8u4EzGyU=
github.com/go-telegram-bot-api/telegram-bot-api/v5 v5.0.0-rc1.0.20210608165722-fb1de2fb48dd/go.mod h1:5+h9c5l1Z/+Pi+5boa1Fmr4Q+FImsXYnifor92ljaVs=
github.com/go-telegram-bot-api/telegram-bot-api/v5 v5.5.1 h1:wG8n/XJQ07TmjbITcGiUaOtXxdrINDz1b0J1w0SzqDc=
github.com/go-telegram-bot-api/telegram-bot-api/v5 v5.5.1/go.mod h1:A2S0CWkNylc2phvKXWBBdD3K0iGnDBGbzRpISP2zBl8=
